Microsoft Visual Studio Solution File, Format Version 12.00
# Visual Studio Version 17
VisualStudioVersion = 17.5.2.0
MinimumVisualStudioVersion = 10.0.40219.1
Project("{FAE04EC0-301F-11D3-BF4B-00C04F79EFBC}") = "TGC.TP.FIFO", "TGC.TP.FIFO\TGC.TP.FIFO.csproj", "{087D9C93-5D26-D799-6749-148FE77C7F41}"
EndProject
Global
	GlobalSection(SolutionConfigurationPlatforms) = preSolution
		Debug|Any CPU = Debug|Any CPU
		Release|Any CPU = Release|Any CPU
	EndGlobalSection
	GlobalSection(ProjectConfigurationPlatforms) = postSolution
		{087D9C93-5D26-D799-6749-148FE77C7F41}.Debug|Any CPU.ActiveCfg = Debug|Any CPU
		{087D9C93-5D26-D799-6749-148FE77C7F41}.Debug|Any CPU.Build.0 = Debug|Any CPU
		{087D9C93-5D26-D799-6749-148FE77C7F41}.Release|Any CPU.ActiveCfg = Release|Any CPU
		{087D9C93-5D26-D799-6749-148FE77C7F41}.Release|Any CPU.Build.0 = Release|Any CPU
	EndGlobalSection
	GlobalSection(SolutionProperties) = preSolution
		HideSolutionNode = FALSE
	EndGlobalSection
	GlobalSection(ExtensibilityGlobals) = postSolution
		SolutionGuid = {0478F5A6-E6F8-4AA1-AEF5-BFC4BB7F16A2}
	EndGlobalSection
EndGlobal
